
Microsoft Visual Studio Solution File, Format Version 12.00
# Visual Studio Version 16
VisualStudioVersion = 16.0.29102.190
MinimumVisualStudioVersion = 10.0.40219.1
Project("{FAE04EC0-301F-11D3-BF4B-00C04F79EFBC}") = "LZW_UI", "LZW_UI.csproj", "{BB10454C-04DC-4942-8895-F921CB1E0020}"
EndProject
Global
	GlobalSection(SolutionConfigurationPlatforms) = preSolution
		Debug|Any CPU = Debug|Any CPU
		Release|Any CPU = Release|Any CPU
	EndGlobalSection
	GlobalSection(ProjectConfigurationPlatforms) = postSolution
		{BB10454C-04DC-4942-8895-F921CB1E0020}.Debug|Any CPU.ActiveCfg = Debug|Any CPU
		{BB10454C-04DC-4942-8895-F921CB1E0020}.Debug|Any CPU.Build.0 = Debug|Any CPU
		{BB10454C-04DC-4942-8895-F921CB1E0020}.Release|Any CPU.ActiveCfg = Release|Any CPU
		{BB10454C-04DC-4942-8895-F921CB1E0020}.Release|Any CPU.Build.0 = Release|Any CPU
	EndGlobalSection
	GlobalSection(SolutionProperties) = preSolution
		HideSolutionNode = FALSE
	EndGlobalSection
	GlobalSection(ExtensibilityGlobals) = postSolution
		SolutionGuid = {90ACD7BC-62B1-42A3-AA69-0D9F43435CCD}
	EndGlobalSection
EndGlobal
