
Microsoft Visual Studio Solution File, Format Version 12.00
# Visual Studio Version 16
VisualStudioVersion = 16.0.29102.190
MinimumVisualStudioVersion = 10.0.40219.1
Project("{FAE04EC0-301F-11D3-BF4B-00C04F79EFBC}") = "LZ77_UI", "LZ77_UI.csproj", "{7E38C0E3-7175-46E4-B1D4-42F216D3B79B}"
EndProject
Global
	GlobalSection(SolutionConfigurationPlatforms) = preSolution
		Debug|Any CPU = Debug|Any CPU
		Release|Any CPU = Release|Any CPU
	EndGlobalSection
	GlobalSection(ProjectConfigurationPlatforms) = postSolution
		{7E38C0E3-7175-46E4-B1D4-42F216D3B79B}.Debug|Any CPU.ActiveCfg = Debug|Any CPU
		{7E38C0E3-7175-46E4-B1D4-42F216D3B79B}.Debug|Any CPU.Build.0 = Debug|Any CPU
		{7E38C0E3-7175-46E4-B1D4-42F216D3B79B}.Release|Any CPU.ActiveCfg = Release|Any CPU
		{7E38C0E3-7175-46E4-B1D4-42F216D3B79B}.Release|Any CPU.Build.0 = Release|Any CPU
	EndGlobalSection
	GlobalSection(SolutionProperties) = preSolution
		HideSolutionNode = FALSE
	EndGlobalSection
	GlobalSection(ExtensibilityGlobals) = postSolution
		SolutionGuid = {89F0D442-F89E-4A48-9A46-61A372D146FE}
	EndGlobalSection
EndGlobal
