
Microsoft Visual Studio Solution File, Format Version 12.00
# Visual Studio Version 16
VisualStudioVersion = 16.0.29102.190
MinimumVisualStudioVersion = 10.0.40219.1
Project("{FAE04EC0-301F-11D3-BF4B-00C04F79EFBC}") = "Huffman_UI", "Huffman_UI.csproj", "{E6F7E9CD-9C2C-4647-ACA0-F2AF9B696BAF}"
EndProject
Global
	GlobalSection(SolutionConfigurationPlatforms) = preSolution
		Debug|Any CPU = Debug|Any CPU
		Release|Any CPU = Release|Any CPU
	EndGlobalSection
	GlobalSection(ProjectConfigurationPlatforms) = postSolution
		{E6F7E9CD-9C2C-4647-ACA0-F2AF9B696BAF}.Debug|Any CPU.ActiveCfg = Debug|Any CPU
		{E6F7E9CD-9C2C-4647-ACA0-F2AF9B696BAF}.Debug|Any CPU.Build.0 = Debug|Any CPU
		{E6F7E9CD-9C2C-4647-ACA0-F2AF9B696BAF}.Release|Any CPU.ActiveCfg = Release|Any CPU
		{E6F7E9CD-9C2C-4647-ACA0-F2AF9B696BAF}.Release|Any CPU.Build.0 = Release|Any CPU
	EndGlobalSection
	GlobalSection(SolutionProperties) = preSolution
		HideSolutionNode = FALSE
	EndGlobalSection
	GlobalSection(ExtensibilityGlobals) = postSolution
		SolutionGuid = {74F249DD-E137-4D6B-9508-00100275D152}
	EndGlobalSection
EndGlobal
