
Microsoft Visual Studio Solution File, Format Version 12.00
# Visual Studio Version 16
VisualStudioVersion = 16.0.29102.190
MinimumVisualStudioVersion = 10.0.40219.1
Project("{FAE04EC0-301F-11D3-BF4B-00C04F79EFBC}") = "PredictorFormsApp", "PredictorFormsApp.csproj", "{9CDFA4D3-842E-4525-A4EF-FCE402C7AFDF}"
EndProject
Global
	GlobalSection(SolutionConfigurationPlatforms) = preSolution
		Debug|Any CPU = Debug|Any CPU
		Release|Any CPU = Release|Any CPU
	EndGlobalSection
	GlobalSection(ProjectConfigurationPlatforms) = postSolution
		{9CDFA4D3-842E-4525-A4EF-FCE402C7AFDF}.Debug|Any CPU.ActiveCfg = Debug|Any CPU
		{9CDFA4D3-842E-4525-A4EF-FCE402C7AFDF}.Debug|Any CPU.Build.0 = Debug|Any CPU
		{9CDFA4D3-842E-4525-A4EF-FCE402C7AFDF}.Release|Any CPU.ActiveCfg = Release|Any CPU
		{9CDFA4D3-842E-4525-A4EF-FCE402C7AFDF}.Release|Any CPU.Build.0 = Release|Any CPU
	EndGlobalSection
	GlobalSection(SolutionProperties) = preSolution
		HideSolutionNode = FALSE
	EndGlobalSection
	GlobalSection(ExtensibilityGlobals) = postSolution
		SolutionGuid = {192886B5-D270-45DD-B005-F3C32C13FCF5}
	EndGlobalSection
EndGlobal
